
Microsoft Visual Studio Solution File, Format Version 12.00
# Visual Studio Version 17
VisualStudioVersion = 17.5.33424.131
MinimumVisualStudioVersion = 10.0.40219.1
Project("{9A19103F-16F7-4668-BE54-9A1E7A4F7556}") = "fwRelik.SSHSetup", "fwRelik.SSHSetup.csproj", "{042A68DC-9BB3-4028-A943-A6F7C32BC980}"
EndProject
Global
	GlobalSection(SolutionConfigurationPlatforms) = preSolution
		Debug|Any CPU = Debug|Any CPU
		Release|Any CPU = Release|Any CPU
	EndGlobalSection
	GlobalSection(ProjectConfigurationPlatforms) = postSolution
		{042A68DC-9BB3-4028-A943-A6F7C32BC980}.Debug|Any CPU.ActiveCfg = Debug|Any CPU
		{042A68DC-9BB3-4028-A943-A6F7C32BC980}.Debug|Any CPU.Build.0 = Debug|Any CPU
		{042A68DC-9BB3-4028-A943-A6F7C32BC980}.Release|Any CPU.ActiveCfg = Release|Any CPU
		{042A68DC-9BB3-4028-A943-A6F7C32BC980}.Release|Any CPU.Build.0 = Release|Any CPU
	EndGlobalSection
	GlobalSection(SolutionProperties) = preSolution
		HideSolutionNode = FALSE
	EndGlobalSection
	GlobalSection(ExtensibilityGlobals) = postSolution
		SolutionGuid = {7FD4CC94-5DE5-498A-8129-E075BA49B865}
	EndGlobalSection
EndGlobal
